// !$*UTF8*$!
{
	archiveVersion = 1;
	classes = {
	};
	objectVersion = 55;
	objects = {

/* Begin PBXBuildFile section */
		5134DC2D27E2A0DF00579BBD /* AppDelegate.swift in Sources */ = {isa = PBXBuildFile; fileRef = 5134DC2C27E2A0DF00579BBD /* AppDelegate.swift */; };
		5134DC2F27E2A0DF00579BBD /* SceneDelegate.swift in Sources */ = {isa = PBXBuildFile; fileRef = 5134DC2E27E2A0DF00579BBD /* SceneDelegate.swift */; };
		5134DC3127E2A0DF00579BBD /* AboutViewController.swift in Sources */ = {isa = PBXBuildFile; fileRef = 5134DC3027E2A0DF00579BBD /* AboutViewController.swift */; };
		5134DC3427E2A0DF00579BBD /* Main.storyboard in Resources */ = {isa = PBXBuildFile; fileRef = 5134DC3227E2A0DF00579BBD /* Main.storyboard */; };
		5134DC3627E2A0E100579BBD /* Assets.xcassets in Resources */ = {isa = PBXBuildFile; fileRef = 5134DC3527E2A0E100579BBD /* Assets.xcassets */; };
		5134DC3927E2A0E100579BBD /* LaunchScreen.storyboard in Resources */ = {isa = PBXBuildFile; fileRef = 5134DC3727E2A0E100579BBD /* LaunchScreen.storyboard */; };
		5134DC4127E2AEBA00579BBD /* HomeViewController.swift in Sources */ = {isa = PBXBuildFile; fileRef = 5134DC4027E2AEBA00579BBD /* HomeViewController.swift */; };
		5134DC4327E2AF4B00579BBD /* HomeTableViewCell.swift in Sources */ = {isa = PBXBuildFile; fileRef = 5134DC4227E2AF4B00579BBD /* HomeTableViewCell.swift */; };
		5134DC4727E2B97F00579BBD /* CustomCollectionViewCell.swift in Sources */ = {isa = PBXBuildFile; fileRef = 5134DC4527E2B97F00579BBD /* CustomCollectionViewCell.swift */; };
		5134DC4827E2B97F00579BBD /* CustomCollectionViewCell.xib in Resources */ = {isa = PBXBuildFile; fileRef = 5134DC4627E2B97F00579BBD /* CustomCollectionViewCell.xib */; };
		5134DC4A27E2BA0600579BBD /* CategoriesViewController.swift in Sources */ = {isa = PBXBuildFile; fileRef = 5134DC4927E2BA0600579BBD /* CategoriesViewController.swift */; };
		99821BCC27E351B60069B99A /* AboutTableViewCell.swift in Sources */ = {isa = PBXBuildFile; fileRef = 99821BCB27E351B60069B99A /* AboutTableViewCell.swift */; };
/* End PBXBuildFile section */

/* Begin PBXFileReference section */
		5134DC2927E2A0DF00579BBD /* DESAFIO_AULA08_CIDADES.app */ = {isa = PBXFileReference; explicitFileType = wrapper.application; includeInIndex = 0; path = DESAFIO_AULA08_CIDADES.app; sourceTree = BUILT_PRODUCTS_DIR; };
		5134DC2C27E2A0DF00579BBD /* AppDelegate.swift */ = {isa = PBXFileReference; lastKnownFileType = sourcecode.swift; path = AppDelegate.swift; sourceTree = "<group>"; };
		5134DC2E27E2A0DF00579BBD /* SceneDelegate.swift */ = {isa = PBXFileReference; lastKnownFileType = sourcecode.swift; path = SceneDelegate.swift; sourceTree = "<group>"; };
		5134DC3027E2A0DF00579BBD /* AboutViewController.swift */ = {isa = PBXFileReference; lastKnownFileType = sourcecode.swift; path = AboutViewController.swift; sourceTree = "<group>"; };
		5134DC3327E2A0DF00579BBD /* Base */ = {isa = PBXFileReference; lastKnownFileType = file.storyboard; name = Base; path = Base.lproj/Main.storyboard; sourceTree = "<group>"; };
		5134DC3527E2A0E100579BBD /* Assets.xcassets */ = {isa = PBXFileReference; lastKnownFileType = folder.assetcatalog; path = Assets.xcassets; sourceTree = "<group>"; };
		5134DC3827E2A0E100579BBD /* Base */ = {isa = PBXFileReference; lastKnownFileType = file.storyboard; name = Base; path = Base.lproj/LaunchScreen.storyboard; sourceTree = "<group>"; };
		5134DC3A27E2A0E100579BBD /* Info.plist */ = {isa = PBXFileReference; lastKnownFileType = text.plist.xml; path = Info.plist; sourceTree = "<group>"; };
		5134DC4027E2AEBA00579BBD /* HomeViewController.swift */ = {isa = PBXFileReference; lastKnownFileType = sourcecode.swift; path = HomeViewController.swift; sourceTree = "<group>"; };
		5134DC4227E2AF4B00579BBD /* HomeTableViewCell.swift */ = {isa = PBXFileReference; lastKnownFileType = sourcecode.swift; path = HomeTableViewCell.swift; sourceTree = "<group>"; };
		5134DC4527E2B97F00579BBD /* CustomCollectionViewCell.swift */ = {isa = PBXFileReference; fileEncoding = 4; lastKnownFileType = sourcecode.swift; path = CustomCollectionViewCell.swift; sourceTree = "<group>"; };
		5134DC4627E2B97F00579BBD /* CustomCollectionViewCell.xib */ = {isa = PBXFileReference; fileEncoding = 4; lastKnownFileType = file.xib; path = CustomCollectionViewCell.xib; sourceTree = "<group>"; };
		5134DC4927E2BA0600579BBD /* CategoriesViewController.swift */ = {isa = PBXFileReference; fileEncoding = 4; lastKnownFileType = sourcecode.swift; path = CategoriesViewController.swift; sourceTree = "<group>"; };
		99821BCB27E351B60069B99A /* AboutTableViewCell.swift */ = {isa = PBXFileReference; lastKnownFileType = sourcecode.swift; path = AboutTableViewCell.swift; sourceTree = "<group>"; };
/* End PBXFileReference section */

/* Begin PBXFrameworksBuildPhase section */
		5134DC2627E2A0DF00579BBD /* Frameworks */ = {
			isa = PBXFrameworksBuildPhase;
			buildActionMask = 2147483647;
			files = (
			);
			runOnlyForDeploymentPostprocessing = 0;
		};
/* End PBXFrameworksBuildPhase section */

/* Begin PBXGroup section */
		5134DC2027E2A0DF00579BBD = {
			isa = PBXGroup;
			children = (
				5134DC2B27E2A0DF00579BBD /* DESAFIO_AULA08_CIDADES */,
				5134DC2A27E2A0DF00579BBD /* Products */,
			);
			sourceTree = "<group>";
		};
		5134DC2A27E2A0DF00579BBD /* Products */ = {
			isa = PBXGroup;
			children = (
				5134DC2927E2A0DF00579BBD /* DESAFIO_AULA08_CIDADES.app */,
			);
			name = Products;
			sourceTree = "<group>";
		};
		5134DC2B27E2A0DF00579BBD /* DESAFIO_AULA08_CIDADES */ = {
			isa = PBXGroup;
			children = (
				99821BCA27E34C960069B99A /* Cells */,
				99821BC927E34C7F0069B99A /* View Controllers */,
				5134DC2C27E2A0DF00579BBD /* AppDelegate.swift */,
				5134DC2E27E2A0DF00579BBD /* SceneDelegate.swift */,
				5134DC3227E2A0DF00579BBD /* Main.storyboard */,
				5134DC3527E2A0E100579BBD /* Assets.xcassets */,
				5134DC3727E2A0E100579BBD /* LaunchScreen.storyboard */,
				5134DC3A27E2A0E100579BBD /* Info.plist */,
			);
			path = DESAFIO_AULA08_CIDADES;
			sourceTree = "<group>";
		};
		5134DC4427E2B97F00579BBD /* CustomCell */ = {
			isa = PBXGroup;
			children = (
				5134DC4527E2B97F00579BBD /* CustomCollectionViewCell.swift */,
				5134DC4627E2B97F00579BBD /* CustomCollectionViewCell.xib */,
			);
			path = CustomCell;
			sourceTree = "<group>";
		};
		99821BC927E34C7F0069B99A /* View Controllers */ = {
			isa = PBXGroup;
			children = (
				5134DC4027E2AEBA00579BBD /* HomeViewController.swift */,
				5134DC4927E2BA0600579BBD /* CategoriesViewController.swift */,
				5134DC3027E2A0DF00579BBD /* AboutViewController.swift */,
			);
			path = "View Controllers";
			sourceTree = "<group>";
		};
		99821BCA27E34C960069B99A /* Cells */ = {
			isa = PBXGroup;
			children = (
				5134DC4227E2AF4B00579BBD /* HomeTableViewCell.swift */,
				5134DC4427E2B97F00579BBD /* CustomCell */,
				99821BCB27E351B60069B99A /* AboutTableViewCell.swift */,
			);
			path = Cells;
			sourceTree = "<group>";
		};
/* End PBXGroup section */

/* Begin PBXNativeTarget section */
		5134DC2827E2A0DF00579BBD /* DESAFIO_AULA08_CIDADES */ = {
			isa = PBXNativeTarget;
			buildConfigurationList = 5134DC3D27E2A0E100579BBD /* Build configuration list for PBXNativeTarget "DESAFIO_AULA08_CIDADES" */;
			buildPhases = (
				5134DC2527E2A0DF00579BBD /* Sources */,
				5134DC2627E2A0DF00579BBD /* Frameworks */,
				5134DC2727E2A0DF00579BBD /* Resources */,
			);
			buildRules = (
			);
			dependencies = (
			);
			name = DESAFIO_AULA08_CIDADES;
			productName = DESAFIO_AULA08_CIDADES;
			productReference = 5134DC2927E2A0DF00579BBD /* DESAFIO_AULA08_CIDADES.app */;
			productType = "com.apple.product-type.application";
		};
/* End PBXNativeTarget section */

/* Begin PBXProject section */
		5134DC2127E2A0DF00579BBD /* Project object */ = {
			isa = PBXProject;
			attributes = {
				BuildIndependentTargetsInParallel = 1;
				LastSwiftUpdateCheck = 1320;
				LastUpgradeCheck = 1320;
				TargetAttributes = {
					5134DC2827E2A0DF00579BBD = {
						CreatedOnToolsVersion = 13.2.1;
					};
				};
			};
			buildConfigurationList = 5134DC2427E2A0DF00579BBD /* Build configuration list for PBXProject "DESAFIO_AULA08_CIDADES" */;
			compatibilityVersion = "Xcode 13.0";
			developmentRegion = en;
			hasScannedForEncodings = 0;
			knownRegions = (
				en,
				Base,
			);
			mainGroup = 5134DC2027E2A0DF00579BBD;
			productRefGroup = 5134DC2A27E2A0DF00579BBD /* Products */;
			projectDirPath = "";
			projectRoot = "";
			targets = (
				5134DC2827E2A0DF00579BBD /* DESAFIO_AULA08_CIDADES */,
			);
		};
/* End PBXProject section */

/* Begin PBXResourcesBuildPhase section */
		5134DC2727E2A0DF00579BBD /* Resources */ = {
			isa = PBXResourcesBuildPhase;
			buildActionMask = 2147483647;
			files = (
				5134DC3927E2A0E100579BBD /* LaunchScreen.storyboard in Resources */,
				5134DC3627E2A0E100579BBD /* Assets.xcassets in Resources */,
				5134DC3427E2A0DF00579BBD /* Main.storyboard in Resources */,
				5134DC4827E2B97F00579BBD /* CustomCollectionViewCell.xib in Resources */,
			);
			runOnlyForDeploymentPostprocessing = 0;
		};
/* End PBXResourcesBuildPhase section */

/* Begin PBXSourcesBuildPhase section */
		5134DC2527E2A0DF00579BBD /* Sources */ = {
			isa = PBXSourcesBuildPhase;
			buildActionMask = 2147483647;
			files = (
				5134DC3127E2A0DF00579BBD /* AboutViewController.swift in Sources */,
				99821BCC27E351B60069B99A /* AboutTableViewCell.swift in Sources */,
				5134DC4727E2B97F00579BBD /* CustomCollectionViewCell.swift in Sources */,
				5134DC4327E2AF4B00579BBD /* HomeTableViewCell.swift in Sources */,
				5134DC2D27E2A0DF00579BBD /* AppDelegate.swift in Sources */,
				5134DC2F27E2A0DF00579BBD /* SceneDelegate.swift in Sources */,
				5134DC4A27E2BA0600579BBD /* CategoriesViewController.swift in Sources */,
				5134DC4127E2AEBA00579BBD /* HomeViewController.swift in Sources */,
			);
			runOnlyForDeploymentPostprocessing = 0;
		};
/* End PBXSourcesBuildPhase section */

/* Begin PBXVariantGroup section */
		5134DC3227E2A0DF00579BBD /* Main.storyboard */ = {
			isa = PBXVariantGroup;
			children = (
				5134DC3327E2A0DF00579BBD /* Base */,
			);
			name = Main.storyboard;
			sourceTree = "<group>";
		};
		5134DC3727E2A0E100579BBD /* LaunchScreen.storyboard */ = {
			isa = PBXVariantGroup;
			children = (
				5134DC3827E2A0E100579BBD /* Base */,
			);
			name = LaunchScreen.storyboard;
			sourceTree = "<group>";
		};
/* End PBXVariantGroup section */

/* Begin XCBuildConfiguration section */
		5134DC3B27E2A0E100579BBD /* Debug */ = {
			isa = XCBuildConfiguration;
			buildSettings = {
				ALWAYS_SEARCH_USER_PATHS = NO;
				CLANG_ANALYZER_NONNULL = YES;
				CLANG_ANALYZER_NUMBER_OBJECT_CONVERSION = YES_AGGRESSIVE;
				CLANG_CXX_LANGUAGE_STANDARD = "gnu++17";
				CLANG_CXX_LIBRARY = "libc++";
				CLANG_ENABLE_MODULES = YES;
				CLANG_ENABLE_OBJC_ARC = YES;
				CLANG_ENABLE_OBJC_WEAK = YES;
				CLANG_WARN_BLOCK_CAPTURE_AUTORELEASING = YES;
				CLANG_WARN_BOOL_CONVERSION = YES;
				CLANG_WARN_COMMA = YES;
				CLANG_WARN_CONSTANT_CONVERSION = YES;
				CLANG_WARN_DEPRECATED_OBJC_IMPLEMENTATIONS = YES;
				CLANG_WARN_DIRECT_OBJC_ISA_USAGE = YES_ERROR;
				CLANG_WARN_DOCUMENTATION_COMMENTS = YES;
				CLANG_WARN_EMPTY_BODY = YES;
				CLANG_WARN_ENUM_CONVERSION = YES;
				CLANG_WARN_INFINITE_RECURSION = YES;
				CLANG_WARN_INT_CONVERSION = YES;
				CLANG_WARN_NON_LITERAL_NULL_CONVERSION = YES;
				CLANG_WARN_OBJC_IMPLICIT_RETAIN_SELF = YES;
				CLANG_WARN_OBJC_LITERAL_CONVERSION = YES;
				CLANG_WARN_OBJC_ROOT_CLASS = YES_ERROR;
				CLANG_WARN_QUOTED_INCLUDE_IN_FRAMEWORK_HEADER = YES;
				CLANG_WARN_RANGE_LOOP_ANALYSIS = YES;
				CLANG_WARN_STRICT_PROTOTYPES = YES;
				CLANG_WARN_SUSPICIOUS_MOVE = YES;
				CLANG_WARN_UNGUARDED_AVAILABILITY = YES_AGGRESSIVE;
				CLANG_WARN_UNREACHABLE_CODE = YES;
				CLANG_WARN__DUPLICATE_METHOD_MATCH = YES;
				COPY_PHASE_STRIP = NO;
				DEBUG_INFORMATION_FORMAT = dwarf;
				ENABLE_STRICT_OBJC_MSGSEND = YES;
				ENABLE_TESTABILITY = YES;
				GCC_C_LANGUAGE_STANDARD = gnu11;
				GCC_DYNAMIC_NO_PIC = NO;
				GCC_NO_COMMON_BLOCKS = YES;
				GCC_OPTIMIZATION_LEVEL = 0;
				GCC_PREPROCESSOR_DEFINITIONS = (
					"DEBUG=1",
					"$(inherited)",
				);
				GCC_WARN_64_TO_32_BIT_CONVERSION = YES;
				GCC_WARN_ABOUT_RETURN_TYPE = YES_ERROR;
				GCC_WARN_UNDECLARED_SELECTOR = YES;
				GCC_WARN_UNINITIALIZED_AUTOS = YES_AGGRESSIVE;
				GCC_WARN_UNUSED_FUNCTION = YES;
				GCC_WARN_UNUSED_VARIABLE = YES;
				IPHONEOS_DEPLOYMENT_TARGET = 15.2;
				MTL_ENABLE_DEBUG_INFO = INCLUDE_SOURCE;
				MTL_FAST_MATH = YES;
				ONLY_ACTIVE_ARCH = YES;
				SDKROOT = iphoneos;
				SWIFT_ACTIVE_COMPILATION_CONDITIONS = DEBUG;
				SWIFT_OPTIMIZATION_LEVEL = "-Onone";
			};
			name = Debug;
		};
		5134DC3C27E2A0E100579BBD /* Release */ = {
			isa = XCBuildConfiguration;
			buildSettings = {
				ALWAYS_SEARCH_USER_PATHS = NO;
				CLANG_ANALYZER_NONNULL = YES;
				CLANG_ANALYZER_NUMBER_OBJECT_CONVERSION = YES_AGGRESSIVE;
				CLANG_CXX_LANGUAGE_STANDARD = "gnu++17";
				CLANG_CXX_LIBRARY = "libc++";
				CLANG_ENABLE_MODULES = YES;
				CLANG_ENABLE_OBJC_ARC = YES;
				CLANG_ENABLE_OBJC_WEAK = YES;
				CLANG_WARN_BLOCK_CAPTURE_AUTORELEASING = YES;
				CLANG_WARN_BOOL_CONVERSION = YES;
				CLANG_WARN_COMMA = YES;
				CLANG_WARN_CONSTANT_CONVERSION = YES;
				CLANG_WARN_DEPRECATED_OBJC_IMPLEMENTATIONS = YES;
				CLANG_WARN_DIRECT_OBJC_ISA_USAGE = YES_ERROR;
				CLANG_WARN_DOCUMENTATION_COMMENTS = YES;
				CLANG_WARN_EMPTY_BODY = YES;
				CLANG_WARN_ENUM_CONVERSION = YES;
				CLANG_WARN_INFINITE_RECURSION = YES;
				CLANG_WARN_INT_CONVERSION = YES;
				CLANG_WARN_NON_LITERAL_NULL_CONVERSION = YES;
				CLANG_WARN_OBJC_IMPLICIT_RETAIN_SELF = YES;
				CLANG_WARN_OBJC_LITERAL_CONVERSION = YES;
				CLANG_WARN_OBJC_ROOT_CLASS = YES_ERROR;
				CLANG_WARN_QUOTED_INCLUDE_IN_FRAMEWORK_HEADER = YES;
				CLANG_WARN_RANGE_LOOP_ANALYSIS = YES;
				CLANG_WARN_STRICT_PROTOTYPES = YES;
				CLANG_WARN_SUSPICIOUS_MOVE = YES;
				CLANG_WARN_UNGUARDED_AVAILABILITY = YES_AGGRESSIVE;
				CLANG_WARN_UNREACHABLE_CODE = YES;
				CLANG_WARN__DUPLICATE_METHOD_MATCH = YES;
				COPY_PHASE_STRIP = NO;
				DEBUG_INFORMATION_FORMAT = "dwarf-with-dsym";
				ENABLE_NS_ASSERTIONS = NO;
				ENABLE_STRICT_OBJC_MSGSEND = YES;
				GCC_C_LANGUAGE_STANDARD = gnu11;
				GCC_NO_COMMON_BLOCKS = YES;
				GCC_WARN_64_TO_32_BIT_CONVERSION = YES;
				GCC_WARN_ABOUT_RETURN_TYPE = YES_ERROR;
				GCC_WARN_UNDECLARED_SELECTOR = YES;
				GCC_WARN_UNINITIALIZED_AUTOS = YES_AGGRESSIVE;
				GCC_WARN_UNUSED_FUNCTION = YES;
				GCC_WARN_UNUSED_VARIABLE = YES;
				IPHONEOS_DEPLOYMENT_TARGET = 15.2;
				MTL_ENABLE_DEBUG_INFO = NO;
				MTL_FAST_MATH = YES;
				SDKROOT = iphoneos;
				SWIFT_COMPILATION_MODE = wholemodule;
				SWIFT_OPTIMIZATION_LEVEL = "-O";
				VALIDATE_PRODUCT = YES;
			};
			name = Release;
		};
		5134DC3E27E2A0E100579BBD /* Debug */ = {
			isa = XCBuildConfiguration;
			buildSettings = {
				ASSETCATALOG_COMPILER_APPICON_NAME = AppIcon;
				ASSETCATALOG_COMPILER_GLOBAL_ACCENT_COLOR_NAME = AccentColor;
				CODE_SIGN_STYLE = Automatic;
				CURRENT_PROJECT_VERSION = 1;
				DEVELOPMENT_TEAM = WQV4LL6PWD;
				GENERATE_INFOPLIST_FILE = YES;
				INFOPLIST_FILE = DESAFIO_AULA08_CIDADES/Info.plist;
				INFOPLIST_KEY_UIApplicationSupportsIndirectInputEvents = YES;
				INFOPLIST_KEY_UILaunchStoryboardName = LaunchScreen;
				INFOPLIST_KEY_UIMainStoryboardFile = Main;
				INFOPLIST_KEY_UISupportedInterfaceOrientations = "UIInterfaceOrientationPortrait UIInterfaceOrientationLandscapeLeft UIInterfaceOrientationLandscapeRight";
				INFOPLIST_KEY_UISupportedInterfaceOrientations_iPad = "UIInterfaceOrientationPortrait UIInterfaceOrientationPortraitUpsideDown UIInterfaceOrientationLandscapeLeft UIInterfaceOrientationLandscapeRight";
				INFOPLIST_KEY_UISupportedInterfaceOrientations_iPhone = "UIInterfaceOrientationPortrait UIInterfaceOrientationLandscapeLeft UIInterfaceOrientationLandscapeRight";
				LD_RUNPATH_SEARCH_PATHS = (
					"$(inherited)",
					"@executable_path/Frameworks",
				);
				MARKETING_VERSION = 1.0;
				PRODUCT_BUNDLE_IDENTIFIER = "bbcoelho-com.github.DESAFIO-AULA08-CIDADES";
				PRODUCT_NAME = "$(TARGET_NAME)";
				SWIFT_EMIT_LOC_STRINGS = YES;
				SWIFT_VERSION = 5.0;
				TARGETED_DEVICE_FAMILY = 1;
			};
			name = Debug;
		};
		5134DC3F27E2A0E100579BBD /* Release */ = {
			isa = XCBuildConfiguration;
			buildSettings = {
				ASSETCATALOG_COMPILER_APPICON_NAME = AppIcon;
				ASSETCATALOG_COMPILER_GLOBAL_ACCENT_COLOR_NAME = AccentColor;
				CODE_SIGN_STYLE = Automatic;
				CURRENT_PROJECT_VERSION = 1;
				DEVELOPMENT_TEAM = WQV4LL6PWD;
				GENERATE_INFOPLIST_FILE = YES;
				INFOPLIST_FILE = DESAFIO_AULA08_CIDADES/Info.plist;
				INFOPLIST_KEY_UIApplicationSupportsIndirectInputEvents = YES;
				INFOPLIST_KEY_UILaunchStoryboardName = LaunchScreen;
				INFOPLIST_KEY_UIMainStoryboardFile = Main;
				INFOPLIST_KEY_UISupportedInterfaceOrientations = "UIInterfaceOrientationPortrait UIInterfaceOrientationLandscapeLeft UIInterfaceOrientationLandscapeRight";
				INFOPLIST_KEY_UISupportedInterfaceOrientations_iPad = "UIInterfaceOrientationPortrait UIInterfaceOrientationPortraitUpsideDown UIInterfaceOrientationLandscapeLeft UIInterfaceOrientationLandscapeRight";
				INFOPLIST_KEY_UISupportedInterfaceOrientations_iPhone = "UIInterfaceOrientationPortrait UIInterfaceOrientationLandscapeLeft UIInterfaceOrientationLandscapeRight";
				LD_RUNPATH_SEARCH_PATHS = (
					"$(inherited)",
					"@executable_path/Frameworks",
				);
				MARKETING_VERSION = 1.0;
				PRODUCT_BUNDLE_IDENTIFIER = "bbcoelho-com.github.DESAFIO-AULA08-CIDADES";
				PRODUCT_NAME = "$(TARGET_NAME)";
				SWIFT_EMIT_LOC_STRINGS = YES;
				SWIFT_VERSION = 5.0;
				TARGETED_DEVICE_FAMILY = 1;
			};
			name = Release;
		};
/* End XCBuildConfiguration section */

/* Begin XCConfigurationList section */
		5134DC2427E2A0DF00579BBD /* Build configuration list for PBXProject "DESAFIO_AULA08_CIDADES" */ = {
			isa = XCConfigurationList;
			buildConfigurations = (
				5134DC3B27E2A0E100579BBD /* Debug */,
				5134DC3C27E2A0E100579BBD /* Release */,
			);
			defaultConfigurationIsVisible = 0;
			defaultConfigurationName = Release;
		};
		5134DC3D27E2A0E100579BBD /* Build configuration list for PBXNativeTarget "DESAFIO_AULA08_CIDADES" */ = {
			isa = XCConfigurationList;
			buildConfigurations = (
				5134DC3E27E2A0E100579BBD /* Debug */,
				5134DC3F27E2A0E100579BBD /* Release */,
			);
			defaultConfigurationIsVisible = 0;
			defaultConfigurationName = Release;
		};
/* End XCConfigurationList section */
	};
	rootObject = 5134DC2127E2A0DF00579BBD /* Project object */;
}
